
Microsoft Visual Studio Solution File, Format Version 12.00
# Visual Studio Version 16
VisualStudioVersion = 16.0.32802.440
MinimumVisualStudioVersion = 10.0.40219.1
Project("{8BC9CEB8-8B4A-11D0-8D11-00A0C91BC942}") = "RepoTest", "RepoTest.vcxproj", "{6A1A193D-1932-49B8-80DA-CF4AD59B4ACE}"
EndProject
Global
	GlobalSection(SolutionConfigurationPlatforms) = preSolution
		Debug|x64 = Debug|x64
		Debug|x86 = Debug|x86
		Release|x64 = Release|x64
		Release|x86 = Release|x86
	EndGlobalSection
	GlobalSection(ProjectConfigurationPlatforms) = postSolution
		{6A1A193D-1932-49B8-80DA-CF4AD59B4ACE}.Debug|x64.ActiveCfg = Debug|x64
		{6A1A193D-1932-49B8-80DA-CF4AD59B4ACE}.Debug|x64.Build.0 = Debug|x64
		{6A1A193D-1932-49B8-80DA-CF4AD59B4ACE}.Debug|x86.ActiveCfg = Debug|Win32
		{6A1A193D-1932-49B8-80DA-CF4AD59B4ACE}.Debug|x86.Build.0 = Debug|Win32
		{6A1A193D-1932-49B8-80DA-CF4AD59B4ACE}.Release|x64.ActiveCfg = Release|x64
		{6A1A193D-1932-49B8-80DA-CF4AD59B4ACE}.Release|x64.Build.0 = Release|x64
		{6A1A193D-1932-49B8-80DA-CF4AD59B4ACE}.Release|x86.ActiveCfg = Release|Win32
		{6A1A193D-1932-49B8-80DA-CF4AD59B4ACE}.Release|x86.Build.0 = Release|Win32
	EndGlobalSection
	GlobalSection(SolutionProperties) = preSolution
		HideSolutionNode = FALSE
	EndGlobalSection
	GlobalSection(ExtensibilityGlobals) = postSolution
		SolutionGuid = {F5107CEC-B63E-4ED1-8D99-72009B55E7D5}
	EndGlobalSection
EndGlobal
